
Microsoft Visual Studio Solution File, Format Version 12.00
# Visual Studio Version 17
VisualStudioVersion = 17.10.35122.118
MinimumVisualStudioVersion = 10.0.40219.1
Project("{9A19103F-16F7-4668-BE54-9A1E7A4F7556}") = "AspNetCore.Authorization", "AspNetCore.Authorization\AspNetCore.Authorization.csproj", "{2DB2A12A-59C2-4C0A-B1CE-B9C697BC6CBE}"
EndProject
Project("{FAE04EC0-301F-11D3-BF4B-00C04F79EFBC}") = "AspNetCore.Authorization.Tests", "AspNetCore.Authorization.Tests\AspNetCore.Authorization.Tests.csproj", "{6A5A6FB1-F205-4F7A-84CE-78AB742E3D3F}"
EndProject
Global
	GlobalSection(SolutionConfigurationPlatforms) = preSolution
		Debug|Any CPU = Debug|Any CPU
		Release|Any CPU = Release|Any CPU
	EndGlobalSection
	GlobalSection(ProjectConfigurationPlatforms) = postSolution
		{2DB2A12A-59C2-4C0A-B1CE-B9C697BC6CBE}.Debug|Any CPU.ActiveCfg = Debug|Any CPU
		{2DB2A12A-59C2-4C0A-B1CE-B9C697BC6CBE}.Debug|Any CPU.Build.0 = Debug|Any CPU
		{2DB2A12A-59C2-4C0A-B1CE-B9C697BC6CBE}.Release|Any CPU.ActiveCfg = Release|Any CPU
		{2DB2A12A-59C2-4C0A-B1CE-B9C697BC6CBE}.Release|Any CPU.Build.0 = Release|Any CPU
		{6A5A6FB1-F205-4F7A-84CE-78AB742E3D3F}.Debug|Any CPU.ActiveCfg = Debug|Any CPU
		{6A5A6FB1-F205-4F7A-84CE-78AB742E3D3F}.Debug|Any CPU.Build.0 = Debug|Any CPU
		{6A5A6FB1-F205-4F7A-84CE-78AB742E3D3F}.Release|Any CPU.ActiveCfg = Release|Any CPU
		{6A5A6FB1-F205-4F7A-84CE-78AB742E3D3F}.Release|Any CPU.Build.0 = Release|Any CPU
	EndGlobalSection
	GlobalSection(SolutionProperties) = preSolution
		HideSolutionNode = FALSE
	EndGlobalSection
	GlobalSection(ExtensibilityGlobals) = postSolution
		SolutionGuid = {396F36D4-3F83-421C-9776-3C840C65FA35}
	EndGlobalSection
EndGlobal
